
Microsoft Visual Studio Solution File, Format Version 12.00
# Visual Studio Version 17
VisualStudioVersion = 17.4.33213.308
MinimumVisualStudioVersion = 10.0.40219.1
Project("{8BC9CEB8-8B4A-11D0-8D11-00A0C91BC942}") = "drift-plus", "drift-plus\drift-plus.vcxproj", "{DC6FEB89-628F-422E-9776-15112A94A8A7}"
EndProject
Global
	GlobalSection(SolutionConfigurationPlatforms) = preSolution
		Debug|x64 = Debug|x64
		Release|x64 = Release|x64
	EndGlobalSection
	GlobalSection(ProjectConfigurationPlatforms) = postSolution
		{DC6FEB89-628F-422E-9776-15112A94A8A7}.Debug|x64.ActiveCfg = Debug|x64
		{DC6FEB89-628F-422E-9776-15112A94A8A7}.Debug|x64.Build.0 = Debug|x64
		{DC6FEB89-628F-422E-9776-15112A94A8A7}.Release|x64.ActiveCfg = Release|x64
		{DC6FEB89-628F-422E-9776-15112A94A8A7}.Release|x64.Build.0 = Release|x64
	EndGlobalSection
	GlobalSection(SolutionProperties) = preSolution
		HideSolutionNode = FALSE
	EndGlobalSection
	GlobalSection(ExtensibilityGlobals) = postSolution
		SolutionGuid = {75D22AEF-D70B-4693-93E0-7C0FC8519D6A}
	EndGlobalSection
EndGlobal
